
Microsoft Visual Studio Solution File, Format Version 12.00
# Visual Studio Version 17
VisualStudioVersion = 17.8.34511.84
MinimumVisualStudioVersion = 10.0.40219.1
Project("{FAE04EC0-301F-11D3-BF4B-00C04F79EFBC}") = "sueldonetointerfaz", "sueldonetointerfaz\sueldonetointerfaz.csproj", "{A6CF437E-BD6C-44F3-93D8-AE1AA564853E}"
EndProject
Global
	GlobalSection(SolutionConfigurationPlatforms) = preSolution
		Debug|Any CPU = Debug|Any CPU
		Release|Any CPU = Release|Any CPU
	EndGlobalSection
	GlobalSection(ProjectConfigurationPlatforms) = postSolution
		{A6CF437E-BD6C-44F3-93D8-AE1AA564853E}.Debug|Any CPU.ActiveCfg = Debug|Any CPU
		{A6CF437E-BD6C-44F3-93D8-AE1AA564853E}.Debug|Any CPU.Build.0 = Debug|Any CPU
		{A6CF437E-BD6C-44F3-93D8-AE1AA564853E}.Release|Any CPU.ActiveCfg = Release|Any CPU
		{A6CF437E-BD6C-44F3-93D8-AE1AA564853E}.Release|Any CPU.Build.0 = Release|Any CPU
	EndGlobalSection
	GlobalSection(SolutionProperties) = preSolution
		HideSolutionNode = FALSE
	EndGlobalSection
	GlobalSection(ExtensibilityGlobals) = postSolution
		SolutionGuid = {A659A905-B6FF-4929-BF39-96A71F6B36F3}
	EndGlobalSection
EndGlobal
